version: 2.0
shards:
  backtracer:
    git: https://github.com/sija/backtracer.cr.git
    version: 1.2.1

  exception_page:
    git: https://github.com/crystal-loot/exception_page.git
    version: 0.2.0

  kemal:
    git: https://github.com/kemalcr/kemal.git
    version: 1.0.0+git.commit.218be2422172d330feb62c6a8abc7df5402fdb84

  kilt:
    git: https://github.com/jeromegn/kilt.git
    version: 0.6.1

  logger:
    git: https://github.com/crystal-lang/logger.cr.git
    version: 0.1.0

  mini_redis:
    git: https://github.com/vladfaust/mini_redis.git
    version: 0.2.3

  radix:
    git: https://github.com/luislavena/radix.git
    version: 0.4.1

  sentry:
    git: https://github.com/samueleaton/sentry.git
    version: 0.3.2+git.commit.edcafd89be2658a4bd306ca1096ef9918c727edf

  spec-kemal:
    git: https://github.com/kemalcr/spec-kemal.git
    version: 0.5.0+git.commit.88a56be7eda0a7f102a3e3f20cc492816581176a

